<?xml version="1.0" encoding="utf-8"?>
<Project ToolsVersion="4.0" xmlns="http://schemas.microsoft.com/developer/msbuild/2003">
  <ItemGroup>
    <Filter Include="Source Files">
      <UniqueIdentifier>{4FC737F1-C7A5-4376-A066-2A32D752A2FF}</UniqueIdentifier>
      <Extensions>cpp;c;cc;cxx;def;odl;idl;hpj;bat;asm;asmx</Extensions>
    </Filter>
    <Filter Include="Header Files">
      <UniqueIdentifier>{93995380-89BD-4b04-88EB-625FBE52EBFB}</UniqueIdentifier>
      <Extensions>h;hh;hpp;hxx;hm;inl;inc;ipp;xsd</Extensions>
    </Filter>
    <Filter Include="Resource Files">
      <UniqueIdentifier>{67DA6AB6-F800-4c08-8B7A-83BB121AAD01}</UniqueIdentifier>
      <Extensions>rc;ico;cur;bmp;dlg;rc2;rct;bin;rgs;gif;jpg;jpeg;jpe;resx;tiff;tif;png;wav;mfcribbon-ms</Extensions>
    </Filter>
    <Filter Include="Header Files\Core">
      <UniqueIdentifier>{bcdaa454-1da1-410e-828c-de264a9f642a}</UniqueIdentifier>
    </Filter>
    <Filter Include="Header Files\Events">
      <UniqueIdentifier>{7fbbb9ae-3907-46c9-b2de-6096dd0dc9df}</UniqueIdentifier>
    </Filter>
    <Filter Include="Header Files\Events\Windows">
      <UniqueIdentifier>{065977bd-cfec-4faf-99ab-45ee80d550ee}</UniqueIdentifier>
    </Filter>
    <Filter Include="Source Files\Core">
      <UniqueIdentifier>{04ab4998-0aab-4c68-8012-56fc37fc6fea}</UniqueIdentifier>
    </Filter>
    <Filter Include="Header Files\Pathing">
      <UniqueIdentifier>{99a1f99e-295b-4d1e-b32f-5c32726d078f}</UniqueIdentifier>
    </Filter>
    <Filter Include="Source Files\Pathing">
      <UniqueIdentifier>{ab0c2fa7-8688-4ed8-b5a3-aacb7b02ab71}</UniqueIdentifier>
    </Filter>
    <Filter Include="Header Files\GameObjects">
      <UniqueIdentifier>{1b22d14d-1664-4f89-8741-977534993864}</UniqueIdentifier>
    </Filter>
    <Filter Include="Header Files\GameObjects\Objects">
      <UniqueIdentifier>{d48f6cbc-7f86-40d2-8417-4052717787b4}</UniqueIdentifier>
    </Filter>
    <Filter Include="Source Files\GameObjects">
      <UniqueIdentifier>{d61f0f9f-9121-4a7e-bc14-2bd2af2fa7b4}</UniqueIdentifier>
    </Filter>
    <Filter Include="Source Files\GameObjects\Objects">
      <UniqueIdentifier>{d91bd017-3bc4-4197-b5e5-0531361f439d}</UniqueIdentifier>
    </Filter>
    <Filter Include="Header Files\WoWInternals">
      <UniqueIdentifier>{44cd300f-ed58-4b79-a149-6713586106d6}</UniqueIdentifier>
    </Filter>
    <Filter Include="Source Files\WoWInternals">
      <UniqueIdentifier>{0da30ec3-2879-4e06-b5c6-b7dd3572c7a6}</UniqueIdentifier>
    </Filter>
  </ItemGroup>
  <ItemGroup>
    <ClInclude Include="Resource.h">
      <Filter>Header Files</Filter>
    </ClInclude>
    <ClInclude Include="pch.h">
      <Filter>Header Files</Filter>
    </ClInclude>
    <ClInclude Include="Game.h">
      <Filter>Header Files\Core</Filter>
    </ClInclude>
    <ClInclude Include="Agony.Wrapper.h">
      <Filter>Header Files</Filter>
    </ClInclude>
    <ClInclude Include="WndEventArgs.h">
      <Filter>Header Files\Events\Windows</Filter>
    </ClInclude>
    <ClInclude Include="Macros.h">
      <Filter>Header Files</Filter>
    </ClInclude>
    <ClInclude Include="Lua.h">
      <Filter>Header Files\Core</Filter>
    </ClInclude>
    <ClInclude Include="PathingController.h">
      <Filter>Header Files\Pathing</Filter>
    </ClInclude>
    <ClInclude Include="CGObject.h">
      <Filter>Header Files\GameObjects\Objects</Filter>
    </ClInclude>
    <ClInclude Include="StaticEnums.h">
      <Filter>Header Files</Filter>
    </ClInclude>
    <ClInclude Include="CGUnit.h">
      <Filter>Header Files\GameObjects\Objects</Filter>
    </ClInclude>
    <ClInclude Include="ObjectGuid.h">
      <Filter>Header Files\GameObjects</Filter>
    </ClInclude>
    <ClInclude Include="CGGameObject.h">
      <Filter>Header Files\GameObjects\Objects</Filter>
    </ClInclude>
    <ClInclude Include="CGPlayer.h">
      <Filter>Header Files\GameObjects\Objects</Filter>
    </ClInclude>
    <ClInclude Include="CGLocalPlayer.h">
      <Filter>Header Files\GameObjects\Objects</Filter>
    </ClInclude>
    <ClInclude Include="ObjectManager.h">
      <Filter>Header Files\GameObjects</Filter>
    </ClInclude>
    <ClInclude Include="LuaEvents.h">
      <Filter>Header Files</Filter>
    </ClInclude>
  </ItemGroup>
  <ItemGroup>
    <ClCompile Include="AssemblyInfo.cpp">
      <Filter>Source Files</Filter>
    </ClCompile>
    <ClCompile Include="pch.cpp">
      <Filter>Source Files</Filter>
    </ClCompile>
    <ClCompile Include="Agony.Wrapper.cpp">
      <Filter>Source Files</Filter>
    </ClCompile>
    <ClCompile Include="Game.cpp">
      <Filter>Source Files\Core</Filter>
    </ClCompile>
    <ClCompile Include="Lua.cpp">
      <Filter>Source Files\Core</Filter>
    </ClCompile>
    <ClCompile Include="PathingController.cpp">
      <Filter>Source Files\Pathing</Filter>
    </ClCompile>
    <ClCompile Include="CGObject.cpp">
      <Filter>Source Files\GameObjects\Objects</Filter>
    </ClCompile>
    <ClCompile Include="CGUnit.cpp">
      <Filter>Source Files\GameObjects\Objects</Filter>
    </ClCompile>
    <ClCompile Include="ObjectGuid.cpp">
      <Filter>Source Files\GameObjects</Filter>
    </ClCompile>
    <ClCompile Include="CGGameObject.cpp">
      <Filter>Source Files\GameObjects\Objects</Filter>
    </ClCompile>
    <ClCompile Include="CGPlayer.cpp">
      <Filter>Source Files\GameObjects\Objects</Filter>
    </ClCompile>
    <ClCompile Include="CGLocalPlayer.cpp">
      <Filter>Source Files\GameObjects\Objects</Filter>
    </ClCompile>
    <ClCompile Include="ObjectManager.cpp">
      <Filter>Source Files\GameObjects</Filter>
    </ClCompile>
    <ClCompile Include="LuaEvents.cpp">
      <Filter>Source Files</Filter>
    </ClCompile>
  </ItemGroup>
  <ItemGroup>
    <ResourceCompile Include="app.rc">
      <Filter>Resource Files</Filter>
    </ResourceCompile>
  </ItemGroup>
  <ItemGroup>
    <Image Include="app.ico">
      <Filter>Resource Files</Filter>
    </Image>
  </ItemGroup>
</Project>